
Microsoft Visual Studio Solution File, Format Version 12.00
# Visual Studio Version 17
VisualStudioVersion = 17.12.35707.178
MinimumVisualStudioVersion = 10.0.40219.1
Project("{2150E333-8FDC-42A3-9474-1A3956D46DE8}") = "Authenticator", "Authenticator", "{EAAD3D16-C8A0-4A43-AD8F-D709CEFEC48E}"
EndProject
Project("{2150E333-8FDC-42A3-9474-1A3956D46DE8}") = "PlanManager", "PlanManager", "{94C566D7-F4B2-457B-AF7B-4648AB229C96}"
EndProject
Project("{2150E333-8FDC-42A3-9474-1A3956D46DE8}") = "LinkManager", "LinkManager", "{A250A234-D185-43E0-9B20-B4FB7705C7B9}"
EndProject
Project("{FAE04EC0-301F-11D3-BF4B-00C04F79EFBC}") = "Authenticator.Api", "Authenticator\Authenticator.Api\Authenticator.Api.csproj", "{4D45038F-A2ED-455A-8DC0-4F40B809CAE0}"
EndProject
Project("{FAE04EC0-301F-11D3-BF4B-00C04F79EFBC}") = "Authenticator.Application", "Authenticator\Authenticator.Application\Authenticator.Application.csproj", "{CEBEF515-398F-4EC0-8C41-8B9123D2940F}"
EndProject
Project("{FAE04EC0-301F-11D3-BF4B-00C04F79EFBC}") = "Authenticator.DataAccess", "Authenticator\Authenticator.DataAccess\Authenticator.DataAccess.csproj", "{0903CA91-374F-4A39-ABA7-768F9B219704}"
EndProject
Project("{FAE04EC0-301F-11D3-BF4B-00C04F79EFBC}") = "LinkManager.Api", "LinkManager\LinkManager.Api\LinkManager.Api.csproj", "{4222845C-3AC1-444C-BE66-F5B5E4CE42A1}"
EndProject
Project("{FAE04EC0-301F-11D3-BF4B-00C04F79EFBC}") = "LinkManager.Application", "LinkManager\LinkManager.Application\LinkManager.Application.csproj", "{8F70E1F2-7AC2-493E-947E-AC548EB6677E}"
EndProject
Project("{FAE04EC0-301F-11D3-BF4B-00C04F79EFBC}") = "LinkManager.DataAccess", "LinkManager\LinkManager.DataAccess\LinkManager.DataAccess.csproj", "{1E7AD138-9E94-4449-9CFE-A4DDDD57AA73}"
EndProject
Project("{FAE04EC0-301F-11D3-BF4B-00C04F79EFBC}") = "PlanManager.Api", "PlanManager\PlanManager.Api\PlanManager.Api.csproj", "{F0C34524-2D14-4457-9684-88041D0B781A}"
EndProject
Project("{FAE04EC0-301F-11D3-BF4B-00C04F79EFBC}") = "PlanManager.Application", "PlanManager\PlanManager.Application\PlanManager.Application.csproj", "{20495E72-B244-404C-9A9A-53EECF475772}"
EndProject
Project("{FAE04EC0-301F-11D3-BF4B-00C04F79EFBC}") = "PlanManager.DataAccess", "PlanManager\PlanManager.DataAccess\PlanManager.DataAccess.csproj", "{749D0E90-3671-4514-8E8E-0E98B18C7A73}"
EndProject
Project("{FAE04EC0-301F-11D3-BF4B-00C04F79EFBC}") = "PlanManager.Domain", "PlanManager\PlanManager.Domain\PlanManager.Domain.csproj", "{6002B3E3-9C70-40A7-AE58-93524AE4A56C}"
EndProject
Project("{FAE04EC0-301F-11D3-BF4B-00C04F79EFBC}") = "LinkManager.Domain", "LinkManager\LinkManager.Domain\LinkManager.Domain.csproj", "{323A1802-0435-4844-B765-29FA0D8FB392}"
EndProject
Project("{FAE04EC0-301F-11D3-BF4B-00C04F79EFBC}") = "Authenticator.Domain", "Authenticator\Authenticator.Domain\Authenticator.Domain.csproj", "{418B2846-2FC7-458F-B366-7C651594AF69}"
EndProject
Global
	GlobalSection(SolutionConfigurationPlatforms) = preSolution
		Debug|Any CPU = Debug|Any CPU
		Release|Any CPU = Release|Any CPU
	EndGlobalSection
	GlobalSection(ProjectConfigurationPlatforms) = postSolution
		{4D45038F-A2ED-455A-8DC0-4F40B809CAE0}.Debug|Any CPU.ActiveCfg = Debug|Any CPU
		{4D45038F-A2ED-455A-8DC0-4F40B809CAE0}.Debug|Any CPU.Build.0 = Debug|Any CPU
		{4D45038F-A2ED-455A-8DC0-4F40B809CAE0}.Release|Any CPU.ActiveCfg = Release|Any CPU
		{4D45038F-A2ED-455A-8DC0-4F40B809CAE0}.Release|Any CPU.Build.0 = Release|Any CPU
		{CEBEF515-398F-4EC0-8C41-8B9123D2940F}.Debug|Any CPU.ActiveCfg = Debug|Any CPU
		{CEBEF515-398F-4EC0-8C41-8B9123D2940F}.Debug|Any CPU.Build.0 = Debug|Any CPU
		{CEBEF515-398F-4EC0-8C41-8B9123D2940F}.Release|Any CPU.ActiveCfg = Release|Any CPU
		{CEBEF515-398F-4EC0-8C41-8B9123D2940F}.Release|Any CPU.Build.0 = Release|Any CPU
		{0903CA91-374F-4A39-ABA7-768F9B219704}.Debug|Any CPU.ActiveCfg = Debug|Any CPU
		{0903CA91-374F-4A39-ABA7-768F9B219704}.Debug|Any CPU.Build.0 = Debug|Any CPU
		{0903CA91-374F-4A39-ABA7-768F9B219704}.Release|Any CPU.ActiveCfg = Release|Any CPU
		{0903CA91-374F-4A39-ABA7-768F9B219704}.Release|Any CPU.Build.0 = Release|Any CPU
		{4222845C-3AC1-444C-BE66-F5B5E4CE42A1}.Debug|Any CPU.ActiveCfg = Debug|Any CPU
		{4222845C-3AC1-444C-BE66-F5B5E4CE42A1}.Debug|Any CPU.Build.0 = Debug|Any CPU
		{4222845C-3AC1-444C-BE66-F5B5E4CE42A1}.Release|Any CPU.ActiveCfg = Release|Any CPU
		{4222845C-3AC1-444C-BE66-F5B5E4CE42A1}.Release|Any CPU.Build.0 = Release|Any CPU
		{8F70E1F2-7AC2-493E-947E-AC548EB6677E}.Debug|Any CPU.ActiveCfg = Debug|Any CPU
		{8F70E1F2-7AC2-493E-947E-AC548EB6677E}.Debug|Any CPU.Build.0 = Debug|Any CPU
		{8F70E1F2-7AC2-493E-947E-AC548EB6677E}.Release|Any CPU.ActiveCfg = Release|Any CPU
		{8F70E1F2-7AC2-493E-947E-AC548EB6677E}.Release|Any CPU.Build.0 = Release|Any CPU
		{1E7AD138-9E94-4449-9CFE-A4DDDD57AA73}.Debug|Any CPU.ActiveCfg = Debug|Any CPU
		{1E7AD138-9E94-4449-9CFE-A4DDDD57AA73}.Debug|Any CPU.Build.0 = Debug|Any CPU
		{1E7AD138-9E94-4449-9CFE-A4DDDD57AA73}.Release|Any CPU.ActiveCfg = Release|Any CPU
		{1E7AD138-9E94-4449-9CFE-A4DDDD57AA73}.Release|Any CPU.Build.0 = Release|Any CPU
		{F0C34524-2D14-4457-9684-88041D0B781A}.Debug|Any CPU.ActiveCfg = Debug|Any CPU
		{F0C34524-2D14-4457-9684-88041D0B781A}.Debug|Any CPU.Build.0 = Debug|Any CPU
		{F0C34524-2D14-4457-9684-88041D0B781A}.Release|Any CPU.ActiveCfg = Release|Any CPU
		{F0C34524-2D14-4457-9684-88041D0B781A}.Release|Any CPU.Build.0 = Release|Any CPU
		{20495E72-B244-404C-9A9A-53EECF475772}.Debug|Any CPU.ActiveCfg = Debug|Any CPU
		{20495E72-B244-404C-9A9A-53EECF475772}.Debug|Any CPU.Build.0 = Debug|Any CPU
		{20495E72-B244-404C-9A9A-53EECF475772}.Release|Any CPU.ActiveCfg = Release|Any CPU
		{20495E72-B244-404C-9A9A-53EECF475772}.Release|Any CPU.Build.0 = Release|Any CPU
		{749D0E90-3671-4514-8E8E-0E98B18C7A73}.Debug|Any CPU.ActiveCfg = Debug|Any CPU
		{749D0E90-3671-4514-8E8E-0E98B18C7A73}.Debug|Any CPU.Build.0 = Debug|Any CPU
		{749D0E90-3671-4514-8E8E-0E98B18C7A73}.Release|Any CPU.ActiveCfg = Release|Any CPU
		{749D0E90-3671-4514-8E8E-0E98B18C7A73}.Release|Any CPU.Build.0 = Release|Any CPU
		{6002B3E3-9C70-40A7-AE58-93524AE4A56C}.Debug|Any CPU.ActiveCfg = Debug|Any CPU
		{6002B3E3-9C70-40A7-AE58-93524AE4A56C}.Debug|Any CPU.Build.0 = Debug|Any CPU
		{6002B3E3-9C70-40A7-AE58-93524AE4A56C}.Release|Any CPU.ActiveCfg = Release|Any CPU
		{6002B3E3-9C70-40A7-AE58-93524AE4A56C}.Release|Any CPU.Build.0 = Release|Any CPU
		{323A1802-0435-4844-B765-29FA0D8FB392}.Debug|Any CPU.ActiveCfg = Debug|Any CPU
		{323A1802-0435-4844-B765-29FA0D8FB392}.Debug|Any CPU.Build.0 = Debug|Any CPU
		{323A1802-0435-4844-B765-29FA0D8FB392}.Release|Any CPU.ActiveCfg = Release|Any CPU
		{323A1802-0435-4844-B765-29FA0D8FB392}.Release|Any CPU.Build.0 = Release|Any CPU
		{418B2846-2FC7-458F-B366-7C651594AF69}.Debug|Any CPU.ActiveCfg = Debug|Any CPU
		{418B2846-2FC7-458F-B366-7C651594AF69}.Debug|Any CPU.Build.0 = Debug|Any CPU
		{418B2846-2FC7-458F-B366-7C651594AF69}.Release|Any CPU.ActiveCfg = Release|Any CPU
		{418B2846-2FC7-458F-B366-7C651594AF69}.Release|Any CPU.Build.0 = Release|Any CPU
	EndGlobalSection
	GlobalSection(SolutionProperties) = preSolution
		HideSolutionNode = FALSE
	EndGlobalSection
	GlobalSection(NestedProjects) = preSolution
		{4D45038F-A2ED-455A-8DC0-4F40B809CAE0} = {EAAD3D16-C8A0-4A43-AD8F-D709CEFEC48E}
		{CEBEF515-398F-4EC0-8C41-8B9123D2940F} = {EAAD3D16-C8A0-4A43-AD8F-D709CEFEC48E}
		{0903CA91-374F-4A39-ABA7-768F9B219704} = {EAAD3D16-C8A0-4A43-AD8F-D709CEFEC48E}
		{4222845C-3AC1-444C-BE66-F5B5E4CE42A1} = {A250A234-D185-43E0-9B20-B4FB7705C7B9}
		{8F70E1F2-7AC2-493E-947E-AC548EB6677E} = {A250A234-D185-43E0-9B20-B4FB7705C7B9}
		{1E7AD138-9E94-4449-9CFE-A4DDDD57AA73} = {A250A234-D185-43E0-9B20-B4FB7705C7B9}
		{F0C34524-2D14-4457-9684-88041D0B781A} = {94C566D7-F4B2-457B-AF7B-4648AB229C96}
		{20495E72-B244-404C-9A9A-53EECF475772} = {94C566D7-F4B2-457B-AF7B-4648AB229C96}
		{749D0E90-3671-4514-8E8E-0E98B18C7A73} = {94C566D7-F4B2-457B-AF7B-4648AB229C96}
		{6002B3E3-9C70-40A7-AE58-93524AE4A56C} = {94C566D7-F4B2-457B-AF7B-4648AB229C96}
		{323A1802-0435-4844-B765-29FA0D8FB392} = {A250A234-D185-43E0-9B20-B4FB7705C7B9}
		{418B2846-2FC7-458F-B366-7C651594AF69} = {EAAD3D16-C8A0-4A43-AD8F-D709CEFEC48E}
	EndGlobalSection
EndGlobal
